// !$*UTF8*$!
{
	archiveVersion = 1;
	classes = {
	};
	objectVersion = 46;
	objects = {

/* Begin PBXBuildFile section */
		3DBBEF4F1D57756C00124A8E /* AppDelegate.swift in Sources */ = {isa = PBXBuildFile; fileRef = 3DBBEF4E1D57756C00124A8E /* AppDelegate.swift */; };
		3DBBEF511D57756C00124A8E /* ViewController.swift in Sources */ = {isa = PBXBuildFile; fileRef = 3DBBEF501D57756C00124A8E /* ViewController.swift */; };
		3DBBEF541D57756C00124A8E /* Main.storyboard in Resources */ = {isa = PBXBuildFile; fileRef = 3DBBEF521D57756C00124A8E /* Main.storyboard */; };
		3DBBEF561D57756C00124A8E /* Assets.xcassets in Resources */ = {isa = PBXBuildFile; fileRef = 3DBBEF551D57756C00124A8E /* Assets.xcassets */; };
		3DBBEF591D57756C00124A8E /* LaunchScreen.storyboard in Resources */ = {isa = PBXBuildFile; fileRef = 3DBBEF571D57756C00124A8E /* LaunchScreen.storyboard */; };
		3DBBEF611D5778BE00124A8E /* pokemon.csv in Resources */ = {isa = PBXBuildFile; fileRef = 3DBBEF601D5778BE00124A8E /* pokemon.csv */; };
		3DBBEF641D577A4300124A8E /* Pokemon.swift in Sources */ = {isa = PBXBuildFile; fileRef = 3DBBEF631D577A4300124A8E /* Pokemon.swift */; };
		3DBBEF661D578B0600124A8E /* bg.jpg in Resources */ = {isa = PBXBuildFile; fileRef = 3DBBEF651D578B0600124A8E /* bg.jpg */; };
		3DBBEF691D5790C900124A8E /* PokeCell.swift in Sources */ = {isa = PBXBuildFile; fileRef = 3DBBEF681D5790C900124A8E /* PokeCell.swift */; };
		3DBBEF6C1D579C6500124A8E /* csv.swift in Sources */ = {isa = PBXBuildFile; fileRef = 3DBBEF6B1D579C6500124A8E /* csv.swift */; };
		3DBBEF6E1D57F91700124A8E /* pokemon.ttf in Resources */ = {isa = PBXBuildFile; fileRef = 3DBBEF6D1D57F8D900124A8E /* pokemon.ttf */; };
		3DBBEF731D57FABF00124A8E /* music.mp3 in Resources */ = {isa = PBXBuildFile; fileRef = 3DBBEF711D57FABF00124A8E /* music.mp3 */; };
		3DBBEF741D57FABF00124A8E /* music.png in Resources */ = {isa = PBXBuildFile; fileRef = 3DBBEF721D57FABF00124A8E /* music.png */; };
/* End PBXBuildFile section */

/* Begin PBXFileReference section */
		3DBBEF4B1D57756C00124A8E /* 16_Pokedex3.app */ = {isa = PBXFileReference; explicitFileType = wrapper.application; includeInIndex = 0; path = 16_Pokedex3.app; sourceTree = BUILT_PRODUCTS_DIR; };
		3DBBEF4E1D57756C00124A8E /* AppDelegate.swift */ = {isa = PBXFileReference; lastKnownFileType = sourcecode.swift; path = AppDelegate.swift; sourceTree = "<group>"; };
		3DBBEF501D57756C00124A8E /* ViewController.swift */ = {isa = PBXFileReference; lastKnownFileType = sourcecode.swift; path = ViewController.swift; sourceTree = "<group>"; };
		3DBBEF531D57756C00124A8E /* Base */ = {isa = PBXFileReference; lastKnownFileType = file.storyboard; name = Base; path = Base.lproj/Main.storyboard; sourceTree = "<group>"; };
		3DBBEF551D57756C00124A8E /* Assets.xcassets */ = {isa = PBXFileReference; lastKnownFileType = folder.assetcatalog; path = Assets.xcassets; sourceTree = "<group>"; };
		3DBBEF581D57756C00124A8E /* Base */ = {isa = PBXFileReference; lastKnownFileType = file.storyboard; name = Base; path = Base.lproj/LaunchScreen.storyboard; sourceTree = "<group>"; };
		3DBBEF5A1D57756C00124A8E /* Info.plist */ = {isa = PBXFileReference; lastKnownFileType = text.plist.xml; path = Info.plist; sourceTree = "<group>"; };
		3DBBEF601D5778BE00124A8E /* pokemon.csv */ = {isa = PBXFileReference; fileEncoding = 4; lastKnownFileType = text; path = pokemon.csv; sourceTree = "<group>"; };
		3DBBEF631D577A4300124A8E /* Pokemon.swift */ = {isa = PBXFileReference; fileEncoding = 4; lastKnownFileType = sourcecode.swift; path = Pokemon.swift; sourceTree = "<group>"; };
		3DBBEF651D578B0600124A8E /* bg.jpg */ = {isa = PBXFileReference; lastKnownFileType = image.jpeg; path = bg.jpg; sourceTree = "<group>"; };
		3DBBEF681D5790C900124A8E /* PokeCell.swift */ = {isa = PBXFileReference; fileEncoding = 4; lastKnownFileType = sourcecode.swift; path = PokeCell.swift; sourceTree = "<group>"; };
		3DBBEF6B1D579C6500124A8E /* csv.swift */ = {isa = PBXFileReference; fileEncoding = 4; lastKnownFileType = sourcecode.swift; path = csv.swift; sourceTree = "<group>"; };
		3DBBEF6D1D57F8D900124A8E /* pokemon.ttf */ = {isa = PBXFileReference; lastKnownFileType = file; path = pokemon.ttf; sourceTree = "<group>"; };
		3DBBEF711D57FABF00124A8E /* music.mp3 */ = {isa = PBXFileReference; lastKnownFileType = audio.mp3; path = music.mp3; sourceTree = "<group>"; };
		3DBBEF721D57FABF00124A8E /* music.png */ = {isa = PBXFileReference; lastKnownFileType = image.png; path = music.png; sourceTree = "<group>"; };
/* End PBXFileReference section */

/* Begin PBXFrameworksBuildPhase section */
		3DBBEF481D57756C00124A8E /* Frameworks */ = {
			isa = PBXFrameworksBuildPhase;
			buildActionMask = 2147483647;
			files = (
			);
			runOnlyForDeploymentPostprocessing = 0;
		};
/* End PBXFrameworksBuildPhase section */

/* Begin PBXGroup section */
		3DBBEF421D57756C00124A8E = {
			isa = PBXGroup;
			children = (
				3DBBEF4D1D57756C00124A8E /* 16_Pokedex3 */,
				3DBBEF4C1D57756C00124A8E /* Products */,
			);
			sourceTree = "<group>";
		};
		3DBBEF4C1D57756C00124A8E /* Products */ = {
			isa = PBXGroup;
			children = (
				3DBBEF4B1D57756C00124A8E /* 16_Pokedex3.app */,
			);
			name = Products;
			sourceTree = "<group>";
		};
		3DBBEF4D1D57756C00124A8E /* 16_Pokedex3 */ = {
			isa = PBXGroup;
			children = (
				3DBBEF6A1D57953300124A8E /* Controller */,
				3DBBEF671D5790B100124A8E /* View */,
				3DBBEF621D577A3300124A8E /* Model */,
				3DBBEF701D57F9D700124A8E /* Utilities */,
				3DBBEF6F1D57F9C700124A8E /* Resources */,
				3DBBEF4E1D57756C00124A8E /* AppDelegate.swift */,
				3DBBEF521D57756C00124A8E /* Main.storyboard */,
				3DBBEF551D57756C00124A8E /* Assets.xcassets */,
				3DBBEF601D5778BE00124A8E /* pokemon.csv */,
				3DBBEF571D57756C00124A8E /* LaunchScreen.storyboard */,
				3DBBEF5A1D57756C00124A8E /* Info.plist */,
			);
			path = 16_Pokedex3;
			sourceTree = "<group>";
		};
		3DBBEF621D577A3300124A8E /* Model */ = {
			isa = PBXGroup;
			children = (
				3DBBEF631D577A4300124A8E /* Pokemon.swift */,
			);
			name = Model;
			sourceTree = "<group>";
		};
		3DBBEF671D5790B100124A8E /* View */ = {
			isa = PBXGroup;
			children = (
				3DBBEF681D5790C900124A8E /* PokeCell.swift */,
			);
			name = View;
			sourceTree = "<group>";
		};
		3DBBEF6A1D57953300124A8E /* Controller */ = {
			isa = PBXGroup;
			children = (
				3DBBEF501D57756C00124A8E /* ViewController.swift */,
			);
			name = Controller;
			sourceTree = "<group>";
		};
		3DBBEF6F1D57F9C700124A8E /* Resources */ = {
			isa = PBXGroup;
			children = (
				3DBBEF711D57FABF00124A8E /* music.mp3 */,
				3DBBEF721D57FABF00124A8E /* music.png */,
				3DBBEF6D1D57F8D900124A8E /* pokemon.ttf */,
				3DBBEF651D578B0600124A8E /* bg.jpg */,
			);
			name = Resources;
			sourceTree = "<group>";
		};
		3DBBEF701D57F9D700124A8E /* Utilities */ = {
			isa = PBXGroup;
			children = (
				3DBBEF6B1D579C6500124A8E /* csv.swift */,
			);
			name = Utilities;
			sourceTree = "<group>";
		};
/* End PBXGroup section */

/* Begin PBXNativeTarget section */
		3DBBEF4A1D57756C00124A8E /* 16_Pokedex3 */ = {
			isa = PBXNativeTarget;
			buildConfigurationList = 3DBBEF5D1D57756C00124A8E /* Build configuration list for PBXNativeTarget "16_Pokedex3" */;
			buildPhases = (
				3DBBEF471D57756C00124A8E /* Sources */,
				3DBBEF481D57756C00124A8E /* Frameworks */,
				3DBBEF491D57756C00124A8E /* Resources */,
			);
			buildRules = (
			);
			dependencies = (
			);
			name = 16_Pokedex3;
			productName = 16_Pokedex3;
			productReference = 3DBBEF4B1D57756C00124A8E /* 16_Pokedex3.app */;
			productType = "com.apple.product-type.application";
		};
/* End PBXNativeTarget section */

/* Begin PBXProject section */
		3DBBEF431D57756C00124A8E /* Project object */ = {
			isa = PBXProject;
			attributes = {
				LastSwiftUpdateCheck = 0800;
				LastUpgradeCheck = 0800;
				ORGANIZATIONNAME = Photkeerati;
				TargetAttributes = {
					3DBBEF4A1D57756C00124A8E = {
						CreatedOnToolsVersion = 8.0;
						DevelopmentTeam = H7DUJKYCJJ;
						ProvisioningStyle = Automatic;
					};
				};
			};
			buildConfigurationList = 3DBBEF461D57756C00124A8E /* Build configuration list for PBXProject "16_Pokedex3" */;
			compatibilityVersion = "Xcode 3.2";
			developmentRegion = English;
			hasScannedForEncodings = 0;
			knownRegions = (
				en,
				Base,
			);
			mainGroup = 3DBBEF421D57756C00124A8E;
			productRefGroup = 3DBBEF4C1D57756C00124A8E /* Products */;
			projectDirPath = "";
			projectRoot = "";
			targets = (
				3DBBEF4A1D57756C00124A8E /* 16_Pokedex3 */,
			);
		};
/* End PBXProject section */

/* Begin PBXResourcesBuildPhase section */
		3DBBEF491D57756C00124A8E /* Resources */ = {
			isa = PBXResourcesBuildPhase;
			buildActionMask = 2147483647;
			files = (
				3DBBEF661D578B0600124A8E /* bg.jpg in Resources */,
				3DBBEF591D57756C00124A8E /* LaunchScreen.storyboard in Resources */,
				3DBBEF561D57756C00124A8E /* Assets.xcassets in Resources */,
				3DBBEF611D5778BE00124A8E /* pokemon.csv in Resources */,
				3DBBEF6E1D57F91700124A8E /* pokemon.ttf in Resources */,
				3DBBEF741D57FABF00124A8E /* music.png in Resources */,
				3DBBEF731D57FABF00124A8E /* music.mp3 in Resources */,
				3DBBEF541D57756C00124A8E /* Main.storyboard in Resources */,
			);
			runOnlyForDeploymentPostprocessing = 0;
		};
/* End PBXResourcesBuildPhase section */

/* Begin PBXSourcesBuildPhase section */
		3DBBEF471D57756C00124A8E /* Sources */ = {
			isa = PBXSourcesBuildPhase;
			buildActionMask = 2147483647;
			files = (
				3DBBEF691D5790C900124A8E /* PokeCell.swift in Sources */,
				3DBBEF511D57756C00124A8E /* ViewController.swift in Sources */,
				3DBBEF4F1D57756C00124A8E /* AppDelegate.swift in Sources */,
				3DBBEF641D577A4300124A8E /* Pokemon.swift in Sources */,
				3DBBEF6C1D579C6500124A8E /* csv.swift in Sources */,
			);
			runOnlyForDeploymentPostprocessing = 0;
		};
/* End PBXSourcesBuildPhase section */

/* Begin PBXVariantGroup section */
		3DBBEF521D57756C00124A8E /* Main.storyboard */ = {
			isa = PBXVariantGroup;
			children = (
				3DBBEF531D57756C00124A8E /* Base */,
			);
			name = Main.storyboard;
			sourceTree = "<group>";
		};
		3DBBEF571D57756C00124A8E /* LaunchScreen.storyboard */ = {
			isa = PBXVariantGroup;
			children = (
				3DBBEF581D57756C00124A8E /* Base */,
			);
			name = LaunchScreen.storyboard;
			sourceTree = "<group>";
		};
/* End PBXVariantGroup section */

/* Begin XCBuildConfiguration section */
		3DBBEF5B1D57756C00124A8E /* Debug */ = {
			isa = XCBuildConfiguration;
			buildSettings = {
				ALWAYS_SEARCH_USER_PATHS = NO;
				CLANG_ANALYZER_NONNULL = YES;
				CLANG_CXX_LANGUAGE_STANDARD = "gnu++0x";
				CLANG_CXX_LIBRARY = "libc++";
				CLANG_ENABLE_MODULES = YES;
				CLANG_ENABLE_OBJC_ARC = YES;
				CLANG_WARN_BOOL_CONVERSION = YES;
				CLANG_WARN_CONSTANT_CONVERSION = YES;
				CLANG_WARN_DIRECT_OBJC_ISA_USAGE = YES_ERROR;
				CLANG_WARN_DOCUMENTATION_COMMENTS = YES;
				CLANG_WARN_EMPTY_BODY = YES;
				CLANG_WARN_ENUM_CONVERSION = YES;
				CLANG_WARN_INFINITE_RECURSION = YES;
				CLANG_WARN_INT_CONVERSION = YES;
				CLANG_WARN_OBJC_ROOT_CLASS = YES_ERROR;
				CLANG_WARN_SUSPICIOUS_MOVES = YES;
				CLANG_WARN_UNREACHABLE_CODE = YES;
				CLANG_WARN__DUPLICATE_METHOD_MATCH = YES;
				"CODE_SIGN_IDENTITY[sdk=iphoneos*]" = "iPhone Developer";
				COPY_PHASE_STRIP = NO;
				DEBUG_INFORMATION_FORMAT = dwarf;
				ENABLE_STRICT_OBJC_MSGSEND = YES;
				ENABLE_TESTABILITY = YES;
				GCC_C_LANGUAGE_STANDARD = gnu99;
				GCC_DYNAMIC_NO_PIC = NO;
				GCC_NO_COMMON_BLOCKS = YES;
				GCC_OPTIMIZATION_LEVEL = 0;
				GCC_PREPROCESSOR_DEFINITIONS = (
					"DEBUG=1",
					"$(inherited)",
				);
				GCC_WARN_64_TO_32_BIT_CONVERSION = YES;
				GCC_WARN_ABOUT_RETURN_TYPE = YES_ERROR;
				GCC_WARN_UNDECLARED_SELECTOR = YES;
				GCC_WARN_UNINITIALIZED_AUTOS = YES_AGGRESSIVE;
				GCC_WARN_UNUSED_FUNCTION = YES;
				GCC_WARN_UNUSED_VARIABLE = YES;
				IPHONEOS_DEPLOYMENT_TARGET = 10.0;
				MTL_ENABLE_DEBUG_INFO = YES;
				ONLY_ACTIVE_ARCH = YES;
				SDKROOT = iphoneos;
				SWIFT_ACTIVE_COMPILATION_CONDITIONS = DEBUG;
				SWIFT_OPTIMIZATION_LEVEL = "-Onone";
				TARGETED_DEVICE_FAMILY = "1,2";
			};
			name = Debug;
		};
		3DBBEF5C1D57756C00124A8E /* Release */ = {
			isa = XCBuildConfiguration;
			buildSettings = {
				ALWAYS_SEARCH_USER_PATHS = NO;
				CLANG_ANALYZER_NONNULL = YES;
				CLANG_CXX_LANGUAGE_STANDARD = "gnu++0x";
				CLANG_CXX_LIBRARY = "libc++";
				CLANG_ENABLE_MODULES = YES;
				CLANG_ENABLE_OBJC_ARC = YES;
				CLANG_WARN_BOOL_CONVERSION = YES;
				CLANG_WARN_CONSTANT_CONVERSION = YES;
				CLANG_WARN_DIRECT_OBJC_ISA_USAGE = YES_ERROR;
				CLANG_WARN_DOCUMENTATION_COMMENTS = YES;
				CLANG_WARN_EMPTY_BODY = YES;
				CLANG_WARN_ENUM_CONVERSION = YES;
				CLANG_WARN_INFINITE_RECURSION = YES;
				CLANG_WARN_INT_CONVERSION = YES;
				CLANG_WARN_OBJC_ROOT_CLASS = YES_ERROR;
				CLANG_WARN_SUSPICIOUS_MOVES = YES;
				CLANG_WARN_UNREACHABLE_CODE = YES;
				CLANG_WARN__DUPLICATE_METHOD_MATCH = YES;
				"CODE_SIGN_IDENTITY[sdk=iphoneos*]" = "iPhone Developer";
				COPY_PHASE_STRIP = NO;
				DEBUG_INFORMATION_FORMAT = "dwarf-with-dsym";
				ENABLE_NS_ASSERTIONS = NO;
				ENABLE_STRICT_OBJC_MSGSEND = YES;
				GCC_C_LANGUAGE_STANDARD = gnu99;
				GCC_NO_COMMON_BLOCKS = YES;
				GCC_WARN_64_TO_32_BIT_CONVERSION = YES;
				GCC_WARN_ABOUT_RETURN_TYPE = YES_ERROR;
				GCC_WARN_UNDECLARED_SELECTOR = YES;
				GCC_WARN_UNINITIALIZED_AUTOS = YES_AGGRESSIVE;
				GCC_WARN_UNUSED_FUNCTION = YES;
				GCC_WARN_UNUSED_VARIABLE = YES;
				IPHONEOS_DEPLOYMENT_TARGET = 10.0;
				MTL_ENABLE_DEBUG_INFO = NO;
				SDKROOT = iphoneos;
				SWIFT_OPTIMIZATION_LEVEL = "-Owholemodule";
				TARGETED_DEVICE_FAMILY = "1,2";
				VALIDATE_PRODUCT = YES;
			};
			name = Release;
		};
		3DBBEF5E1D57756C00124A8E /* Debug */ = {
			isa = XCBuildConfiguration;
			buildSettings = {
				ASSETCATALOG_COMPILER_APPICON_NAME = AppIcon;
				DEVELOPMENT_TEAM = H7DUJKYCJJ;
				INFOPLIST_FILE = 16_Pokedex3/Info.plist;
				LD_RUNPATH_SEARCH_PATHS = "$(inherited) @executable_path/Frameworks";
				PRODUCT_BUNDLE_IDENTIFIER = "com.apptest0.-6-Pokedex3";
				PRODUCT_NAME = "$(TARGET_NAME)";
				SWIFT_VERSION = 3.0;
				TARGETED_DEVICE_FAMILY = "1,2";
			};
			name = Debug;
		};
		3DBBEF5F1D57756C00124A8E /* Release */ = {
			isa = XCBuildConfiguration;
			buildSettings = {
				ASSETCATALOG_COMPILER_APPICON_NAME = AppIcon;
				DEVELOPMENT_TEAM = H7DUJKYCJJ;
				INFOPLIST_FILE = 16_Pokedex3/Info.plist;
				LD_RUNPATH_SEARCH_PATHS = "$(inherited) @executable_path/Frameworks";
				PRODUCT_BUNDLE_IDENTIFIER = "com.apptest0.-6-Pokedex3";
				PRODUCT_NAME = "$(TARGET_NAME)";
				SWIFT_VERSION = 3.0;
				TARGETED_DEVICE_FAMILY = "1,2";
			};
			name = Release;
		};
/* End XCBuildConfiguration section */

/* Begin XCConfigurationList section */
		3DBBEF461D57756C00124A8E /* Build configuration list for PBXProject "16_Pokedex3" */ = {
			isa = XCConfigurationList;
			buildConfigurations = (
				3DBBEF5B1D57756C00124A8E /* Debug */,
				3DBBEF5C1D57756C00124A8E /* Release */,
			);
			defaultConfigurationIsVisible = 0;
			defaultConfigurationName = Release;
		};
		3DBBEF5D1D57756C00124A8E /* Build configuration list for PBXNativeTarget "16_Pokedex3" */ = {
			isa = XCConfigurationList;
			buildConfigurations = (
				3DBBEF5E1D57756C00124A8E /* Debug */,
				3DBBEF5F1D57756C00124A8E /* Release */,
			);
			defaultConfigurationIsVisible = 0;
			defaultConfigurationName = Release;
		};
/* End XCConfigurationList section */
	};
	rootObject = 3DBBEF431D57756C00124A8E /* Project object */;
}
